
Microsoft Visual Studio Solution File, Format Version 12.00
# Visual Studio Version 17
VisualStudioVersion = 17.14.36811.4 d17.14
MinimumVisualStudioVersion = 10.0.40219.1
Project("{FAE04EC0-301F-11D3-BF4B-00C04F79EFBC}") = "Graph Test", "Graph Test\Graph Test.csproj", "{5E20C705-B105-4510-BD0D-8A75129CE8D8}"
EndProject
Global
	GlobalSection(SolutionConfigurationPlatforms) = preSolution
		Debug|Any CPU = Debug|Any CPU
		Release|Any CPU = Release|Any CPU
	EndGlobalSection
	GlobalSection(ProjectConfigurationPlatforms) = postSolution
		{5E20C705-B105-4510-BD0D-8A75129CE8D8}.Debug|Any CPU.ActiveCfg = Debug|Any CPU
		{5E20C705-B105-4510-BD0D-8A75129CE8D8}.Debug|Any CPU.Build.0 = Debug|Any CPU
		{5E20C705-B105-4510-BD0D-8A75129CE8D8}.Release|Any CPU.ActiveCfg = Release|Any CPU
		{5E20C705-B105-4510-BD0D-8A75129CE8D8}.Release|Any CPU.Build.0 = Release|Any CPU
	EndGlobalSection
	GlobalSection(SolutionProperties) = preSolution
		HideSolutionNode = FALSE
	EndGlobalSection
	GlobalSection(ExtensibilityGlobals) = postSolution
		SolutionGuid = {6ADC6FA1-7E06-403A-98DA-476B3F115F73}
	EndGlobalSection
EndGlobal
